
Microsoft Visual Studio Solution File, Format Version 12.00
# Visual Studio Version 16
VisualStudioVersion = 16.0.30330.147
MinimumVisualStudioVersion = 10.0.40219.1
Project("{FAE04EC0-301F-11D3-BF4B-00C04F79EFBC}") = "Mines-Web", "Mines-Web\Mines-Web.csproj", "{373B828E-3BE4-44A2-B130-91D132ECC7BC}"
EndProject
Project("{FAE04EC0-301F-11D3-BF4B-00C04F79EFBC}") = "MinesAPI", "MinesAPI\MinesAPI.csproj", "{CAE65EC0-A350-4E21-996B-8FAB88F2C988}"
EndProject
Global
	GlobalSection(SolutionConfigurationPlatforms) = preSolution
		Debug|Any CPU = Debug|Any CPU
		Release|Any CPU = Release|Any CPU
	EndGlobalSection
	GlobalSection(ProjectConfigurationPlatforms) = postSolution
		{373B828E-3BE4-44A2-B130-91D132ECC7BC}.Debug|Any CPU.ActiveCfg = Debug|Any CPU
		{373B828E-3BE4-44A2-B130-91D132ECC7BC}.Debug|Any CPU.Build.0 = Debug|Any CPU
		{373B828E-3BE4-44A2-B130-91D132ECC7BC}.Release|Any CPU.ActiveCfg = Release|Any CPU
		{373B828E-3BE4-44A2-B130-91D132ECC7BC}.Release|Any CPU.Build.0 = Release|Any CPU
		{CAE65EC0-A350-4E21-996B-8FAB88F2C988}.Debug|Any CPU.ActiveCfg = Debug|Any CPU
		{CAE65EC0-A350-4E21-996B-8FAB88F2C988}.Debug|Any CPU.Build.0 = Debug|Any CPU
		{CAE65EC0-A350-4E21-996B-8FAB88F2C988}.Release|Any CPU.ActiveCfg = Release|Any CPU
		{CAE65EC0-A350-4E21-996B-8FAB88F2C988}.Release|Any CPU.Build.0 = Release|Any CPU
	EndGlobalSection
	GlobalSection(SolutionProperties) = preSolution
		HideSolutionNode = FALSE
	EndGlobalSection
	GlobalSection(ExtensibilityGlobals) = postSolution
		SolutionGuid = {8257D2C5-D6C7-42D4-9A1F-06DA59287A10}
	EndGlobalSection
EndGlobal
