
Microsoft Visual Studio Solution File, Format Version 12.00
# Visual Studio Version 16
VisualStudioVersion = 16.0.30330.147
MinimumVisualStudioVersion = 10.0.40219.1
Project("{9A19103F-16F7-4668-BE54-9A1E7A4F7556}") = "milestone_MineSweeper_ConsoleApp", "milestone_MineSweeper_ConsoleApp\milestone_MineSweeper_ConsoleApp.csproj", "{2FFA3E4F-AE82-4275-96AC-035BD5B577FA}"
EndProject
Project("{9A19103F-16F7-4668-BE54-9A1E7A4F7556}") = "ClassLibrary", "ClassLibrary\ClassLibrary.csproj", "{A50EA154-B21A-467F-B9BB-2506C07A2D88}"
EndProject
Project("{FAE04EC0-301F-11D3-BF4B-00C04F79EFBC}") = "Milestone_MineSweeper_GUI", "Milestone_MineSweeper_GUI\Milestone_MineSweeper_GUI.csproj", "{22E4F6B9-D1FC-4697-9B7C-5012CD3101F9}"
EndProject
Global
	GlobalSection(SolutionConfigurationPlatforms) = preSolution
		Debug|Any CPU = Debug|Any CPU
		Release|Any CPU = Release|Any CPU
	EndGlobalSection
	GlobalSection(ProjectConfigurationPlatforms) = postSolution
		{2FFA3E4F-AE82-4275-96AC-035BD5B577FA}.Debug|Any CPU.ActiveCfg = Debug|Any CPU
		{2FFA3E4F-AE82-4275-96AC-035BD5B577FA}.Debug|Any CPU.Build.0 = Debug|Any CPU
		{2FFA3E4F-AE82-4275-96AC-035BD5B577FA}.Release|Any CPU.ActiveCfg = Release|Any CPU
		{2FFA3E4F-AE82-4275-96AC-035BD5B577FA}.Release|Any CPU.Build.0 = Release|Any CPU
		{A50EA154-B21A-467F-B9BB-2506C07A2D88}.Debug|Any CPU.ActiveCfg = Debug|Any CPU
		{A50EA154-B21A-467F-B9BB-2506C07A2D88}.Debug|Any CPU.Build.0 = Debug|Any CPU
		{A50EA154-B21A-467F-B9BB-2506C07A2D88}.Release|Any CPU.ActiveCfg = Release|Any CPU
		{A50EA154-B21A-467F-B9BB-2506C07A2D88}.Release|Any CPU.Build.0 = Release|Any CPU
		{22E4F6B9-D1FC-4697-9B7C-5012CD3101F9}.Debug|Any CPU.ActiveCfg = Debug|Any CPU
		{22E4F6B9-D1FC-4697-9B7C-5012CD3101F9}.Debug|Any CPU.Build.0 = Debug|Any CPU
		{22E4F6B9-D1FC-4697-9B7C-5012CD3101F9}.Release|Any CPU.ActiveCfg = Release|Any CPU
		{22E4F6B9-D1FC-4697-9B7C-5012CD3101F9}.Release|Any CPU.Build.0 = Release|Any CPU
	EndGlobalSection
	GlobalSection(SolutionProperties) = preSolution
		HideSolutionNode = FALSE
	EndGlobalSection
	GlobalSection(ExtensibilityGlobals) = postSolution
		SolutionGuid = {45799A54-CA08-452C-B89F-D9F56A5698A6}
	EndGlobalSection
EndGlobal
